{
  "requires": true,
  "lockfileVersion": 1,
  "dependencies": {
    "@babel/runtime": {
      "version": "7.15.3",
      "resolved": "https://registry.npmjs.org/@babel/runtime/-/runtime-7.15.3.tgz",
      "integrity": "sha512-OvwMLqNXkCXSz1kSm58sEsNuhqOx/fKpnUnKnFB5v8uDda5bLNEHNgKPvhDN6IU0LDcnHQ90LlJ0Q6jnyBSIBA==",
      "requires": {
        "regenerator-runtime": "^0.13.4"
      }
    },
    "@expo/samples": {
      "version": "3.0.3",
      "resolved": "https://registry.npmjs.org/@expo/samples/-/samples-3.0.3.tgz",
      "integrity": "sha512-gaZI9DEV5m69TUYUW5gzzzJMubqClK1I4rdQhumzLqkzOrKozMyDZa1PHc9OlrH/SoTXoUewVrE5YO6e+fBrJg==",
      "requires": {
        "react-native-platform-touchable": "^1.1.1"
      }
    },
    "@expo/vector-icons": {
      "version": "10.2.1",
      "resolved": "https://registry.npmjs.org/@expo/vector-icons/-/vector-icons-10.2.1.tgz",
      "integrity": "sha512-clYQZFLeU2y23n03hXg18EEsZS5c73sJJnfderztfSAqkUXkfUtv07fwuprYwbHIvgFkw6L7R6xJOCVYtS85iQ==",
      "requires": {
        "lodash": "^4.17.4"
      }
    },
    "@react-navigation/core": {
      "version": "3.5.2",
      "resolved": "https://registry.npmjs.org/@react-navigation/core/-/core-3.5.2.tgz",
      "integrity": "sha512-HgKXci1h74aETgm5CXMBoIWG8R7VZG1eUUHYb3BdxwekdiZjW1P/srjiXzsCqFGlsESnVIOIkzT4DqI9J752Bw==",
      "requires": {
        "hoist-non-react-statics": "^3.3.0",
        "path-to-regexp": "^1.7.0",
        "query-string": "^6.4.2",
        "react-is": "^16.8.6"
      },
      "dependencies": {
        "hoist-non-react-statics": {
          "version": "3.3.2",
          "resolved": "https://registry.npmjs.org/hoist-non-react-statics/-/hoist-non-react-statics-3.3.2.tgz",
          "integrity": "sha512-/gGivxi8JPKWNm/W0jSmzcMPpfpPLc3dY/6GxhX2hQ9iGj3aDfklV4ET7NjKpSinLpJ5vafa9iiGIEZg10SfBw==",
          "requires": {
            "react-is": "^16.7.0"
          }
        }
      }
    },
    "@react-navigation/native": {
      "version": "3.6.5",
      "resolved": "https://registry.npmjs.org/@react-navigation/native/-/native-3.6.5.tgz",
      "integrity": "sha512-ttEmnokFVf09CvrkzlPIdfA693KfYcRxTYf9OZwp0Ll6El27UYjJD4arwGc+zvlohjTErCdba6CAKV702Wv28w==",
      "requires": {
        "hoist-non-react-statics": "^3.3.2",
        "react-native-safe-area-view": "^0.14.8"
      },
      "dependencies": {
        "hoist-non-react-statics": {
          "version": "3.3.2",
          "resolved": "https://registry.npmjs.org/hoist-non-react-statics/-/hoist-non-react-statics-3.3.2.tgz",
          "integrity": "sha512-/gGivxi8JPKWNm/W0jSmzcMPpfpPLc3dY/6GxhX2hQ9iGj3aDfklV4ET7NjKpSinLpJ5vafa9iiGIEZg10SfBw==",
          "requires": {
            "react-is": "^16.7.0"
          }
        },
        "react-native-safe-area-view": {
          "version": "0.14.9",
          "resolved": "https://registry.npmjs.org/react-native-safe-area-view/-/react-native-safe-area-view-0.14.9.tgz",
          "integrity": "sha512-WII/ulhpVyL/qbYb7vydq7dJAfZRBcEhg4/UWt6F6nAKpLa3gAceMOxBxI914ppwSP/TdUsandFy6lkJQE0z4A==",
          "requires": {
            "hoist-non-react-statics": "^2.3.1"
          },
          "dependencies": {
            "hoist-non-react-statics": {
              "version": "2.5.5",
              "resolved": "https://registry.npmjs.org/hoist-non-react-statics/-/hoist-non-react-statics-2.5.5.tgz",
              "integrity": "sha512-rqcy4pJo55FTTLWt+bU8ukscqHeE/e9KWvsOW2b/a3afxQZhwkQdT1rPPCJ0rYXdj4vNcasY8zHTH+jF/qStxw=="
            }
          }
        }
      }
    },
    "@react-navigation/web": {
      "version": "1.0.0-alpha.9",
      "resolved": "https://registry.npmjs.org/@react-navigation/web/-/web-1.0.0-alpha.9.tgz",
      "integrity": "sha512-1UugAcTbJ/yJNLVvEIJ+hAp/KcwBiRU76vPvNXD1NLrU0ZzK1+GrxvzR7p4effMTJgPRkRzvz8tRNklv8YLLHQ==",
      "requires": {
        "history": "^4.7.2",
        "query-string": "^6.2.0"
      }
    },
    "decode-uri-component": {
      "version": "0.2.0",
      "resolved": "https://registry.npmjs.org/decode-uri-component/-/decode-uri-component-0.2.0.tgz",
      "integrity": "sha1-6zkTMzRYd1y4TNGh+uBiEGu4dUU="
    },
    "filter-obj": {
      "version": "1.1.0",
      "resolved": "https://registry.npmjs.org/filter-obj/-/filter-obj-1.1.0.tgz",
      "integrity": "sha1-mzERErxsYSehbgFsbF1/GeCAXFs="
    },
    "history": {
      "version": "4.10.1",
      "resolved": "https://registry.npmjs.org/history/-/history-4.10.1.tgz",
      "integrity": "sha512-36nwAD620w12kuzPAsyINPWJqlNbij+hpK1k9XRloDtym8mxzGYl2c17LnV6IAGB2Dmg4tEa7G7DlawS0+qjew==",
      "requires": {
        "@babel/runtime": "^7.1.2",
        "loose-envify": "^1.2.0",
        "resolve-pathname": "^3.0.0",
        "tiny-invariant": "^1.0.2",
        "tiny-warning": "^1.0.0",
        "value-equal": "^1.0.1"
      }
    },
    "hoist-non-react-statics": {
      "version": "2.5.5",
      "resolved": "https://registry.npmjs.org/hoist-non-react-statics/-/hoist-non-react-statics-2.5.5.tgz",
      "integrity": "sha512-rqcy4pJo55FTTLWt+bU8ukscqHeE/e9KWvsOW2b/a3afxQZhwkQdT1rPPCJ0rYXdj4vNcasY8zHTH+jF/qStxw=="
    },
    "js-tokens": {
      "version": "4.0.0",
      "resolved": "https://registry.npmjs.org/js-tokens/-/js-tokens-4.0.0.tgz",
      "integrity": "sha512-RdJUflcE3cUzKiMqQgsCu06FPu9UdIJO0beYbPhHN4k6apgJtifcoCtT9bcxOpYBtpD2kCM6Sbzg4CausW/PKQ=="
    },
    "lodash": {
      "version": "4.17.21",
      "resolved": "https://registry.npmjs.org/lodash/-/lodash-4.17.21.tgz",
      "integrity": "sha512-v2kDEe57lecTulaDIuNTPy3Ry4gLGJ6Z1O3vE1krgXZNrsQ+LFTGHVxVjcXPs17LhbZVGedAJv8XZ1tvj5FvSg=="
    },
    "loose-envify": {
      "version": "1.4.0",
      "resolved": "https://registry.npmjs.org/loose-envify/-/loose-envify-1.4.0.tgz",
      "integrity": "sha512-lyuxPGr/Wfhrlem2CL/UcnUc1zcqKAImBDzukY7Y5F/yQiNdko6+fRLevlw1HgMySw7f611UIY408EtxRSoK3Q==",
      "requires": {
        "js-tokens": "^3.0.0 || ^4.0.0"
      }
    },
    "object-assign": {
      "version": "4.1.1",
      "resolved": "https://registry.npmjs.org/object-assign/-/object-assign-4.1.1.tgz",
      "integrity": "sha1-IQmtx5ZYh8/AXLvUQsrIv7s2CGM="
    },
    "path-to-regexp": {
      "version": "1.8.0",
      "resolved": "https://registry.npmjs.org/path-to-regexp/-/path-to-regexp-1.8.0.tgz",
      "integrity": "sha512-n43JRhlUKUAlibEJhPeir1ncUID16QnEjNpwzNdO3Lm4ywrBpBZ5oLD0I6br9evr1Y9JTqwRtAh7JLoOzAQdVA==",
      "requires": {
        "isarray": "0.0.1"
      },
      "dependencies": {
        "isarray": {
          "version": "0.0.1",
          "resolved": "https://registry.npmjs.org/isarray/-/isarray-0.0.1.tgz",
          "integrity": "sha1-ihis/Kmo9Bd+Cav8YDiTmwXR7t8="
        }
      }
    },
    "prop-types": {
      "version": "15.7.2",
      "resolved": "https://registry.npmjs.org/prop-types/-/prop-types-15.7.2.tgz",
      "integrity": "sha512-8QQikdH7//R2vurIJSutZ1smHYTcLpRWEOlHnzcWHmBYrOGUysKwSsrC89BCiFj3CbrfJ/nXFdJepOVrY1GCHQ==",
      "requires": {
        "loose-envify": "^1.4.0",
        "object-assign": "^4.1.1",
        "react-is": "^16.8.1"
      }
    },
    "query-string": {
      "version": "6.14.1",
      "resolved": "https://registry.npmjs.org/query-string/-/query-string-6.14.1.tgz",
      "integrity": "sha512-XDxAeVmpfu1/6IjyT/gXHOl+S0vQ9owggJ30hhWKdHAsNPOcasn5o9BW0eejZqL2e4vMjhAxoW3jVHcD6mbcYw==",
      "requires": {
        "decode-uri-component": "^0.2.0",
        "filter-obj": "^1.1.0",
        "split-on-first": "^1.0.0",
        "strict-uri-encode": "^2.0.0"
      }
    },
    "react-is": {
      "version": "16.13.1",
      "resolved": "https://registry.npmjs.org/react-is/-/react-is-16.13.1.tgz",
      "integrity": "sha512-24e6ynE2H+OKt4kqsOvNd8kBpV65zoxbA4BVsEOB3ARVWQki/DHzaUoC5KuON/BiccDaCCTZBuOcfZs70kR8bQ=="
    },
    "react-native-platform-touchable": {
      "version": "1.1.1",
      "resolved": "https://registry.npmjs.org/react-native-platform-touchable/-/react-native-platform-touchable-1.1.1.tgz",
      "integrity": "sha1-/eSsxl7qWF0osWTQw3FqQhKaaOQ="
    },
    "react-native-safe-area-view": {
      "version": "1.1.1",
      "resolved": "https://registry.npmjs.org/react-native-safe-area-view/-/react-native-safe-area-view-1.1.1.tgz",
      "integrity": "sha512-bbLCtF+tqECyPWlgkWbIwx4vDPb0GEufx/ZGcSS4UljMcrpwluachDXoW9DBxhbMCc6k1V0ccqHWN7ntbRdERQ==",
      "requires": {
        "hoist-non-react-statics": "^2.3.1"
      }
    },
    "react-native-tab-view": {
      "version": "1.4.1",
      "resolved": "https://registry.npmjs.org/react-native-tab-view/-/react-native-tab-view-1.4.1.tgz",
      "integrity": "sha512-Bke8KkDcDhvB/z0AS7MnQKMD2p6Kwfc1rSKlMOvg9CC5CnClQ2QEnhPSbwegKDYhUkBI92iH/BYy7hNSm5kbUQ==",
      "requires": {
        "prop-types": "^15.6.1"
      }
    },
    "react-navigation": {
      "version": "3.13.0",
      "resolved": "https://registry.npmjs.org/react-navigation/-/react-navigation-3.13.0.tgz",
      "integrity": "sha512-r64bTImY2aNye8wtd39ubouVB6ZMJqjVQYKxH4LFmOav4FsI59fQTDN7sZzyJa29owowYw/wVkh+NWGT+tdD1A==",
      "requires": {
        "@react-navigation/core": "~3.5.1",
        "@react-navigation/native": "~3.6.2",
        "react-navigation-drawer": "~1.4.0",
        "react-navigation-stack": "1.5.3",
        "react-navigation-tabs": "~1.2.0"
      }
    },
    "react-navigation-drawer": {
      "version": "1.4.0",
      "resolved": "https://registry.npmjs.org/react-navigation-drawer/-/react-navigation-drawer-1.4.0.tgz",
      "integrity": "sha512-ZyWBozcjB2aZ7vwCALv90cYA2NpDjM+WALaiYRshvPvue8l7cqynePbHK8GhlMGyJDwZqp4MxQmu8u1XAKp3Bw==",
      "requires": {
        "react-native-tab-view": "^1.2.0"
      }
    },
    "react-navigation-stack": {
      "version": "1.5.3",
      "resolved": "https://registry.npmjs.org/react-navigation-stack/-/react-navigation-stack-1.5.3.tgz",
      "integrity": "sha512-MQcwDVbZUYsTtDJb5cFOSm+K+e7KpUCoROaGoUOR+JHWE3uuaJ3pd/Nu+32a57J98TNBf4qq0+2TPJWl6z6IBg==",
      "requires": {
        "prop-types": "^15.7.2"
      }
    },
    "react-navigation-tabs": {
      "version": "1.2.0",
      "resolved": "https://registry.npmjs.org/react-navigation-tabs/-/react-navigation-tabs-1.2.0.tgz",
      "integrity": "sha512-I6vq3XX4ub9KhWQzcrggznls+2Z2C6w2ro46vokDGGvJ02CBpQRar7J0ETV29Ot5AJY67HucNUmZdH3yDFckmQ==",
      "requires": {
        "hoist-non-react-statics": "^2.5.0",
        "prop-types": "^15.6.1",
        "react-native-tab-view": "^1.4.1"
      }
    },
    "regenerator-runtime": {
      "version": "0.13.9",
      "resolved": "https://registry.npmjs.org/regenerator-runtime/-/regenerator-runtime-0.13.9.tgz",
      "integrity": "sha512-p3VT+cOEgxFsRRA9X4lkI1E+k2/CtnKtU4gcxyaCUreilL/vqI6CdZ3wxVUx3UOUg+gnUOQQcRI7BmSI656MYA=="
    },
    "resolve-pathname": {
      "version": "3.0.0",
      "resolved": "https://registry.npmjs.org/resolve-pathname/-/resolve-pathname-3.0.0.tgz",
      "integrity": "sha512-C7rARubxI8bXFNB/hqcp/4iUeIXJhJZvFPFPiSPRnhU5UPxzMFIl+2E6yY6c4k9giDJAhtV+enfA+G89N6Csng=="
    },
    "split-on-first": {
      "version": "1.1.0",
      "resolved": "https://registry.npmjs.org/split-on-first/-/split-on-first-1.1.0.tgz",
      "integrity": "sha512-43ZssAJaMusuKWL8sKUBQXHWOpq8d6CfN/u1p4gUzfJkM05C8rxTmYrkIPTXapZpORA6LkkzcUulJ8FqA7Uudw=="
    },
    "strict-uri-encode": {
      "version": "2.0.0",
      "resolved": "https://registry.npmjs.org/strict-uri-encode/-/strict-uri-encode-2.0.0.tgz",
      "integrity": "sha1-ucczDHBChi9rFC3CdLvMWGbONUY="
    },
    "tiny-invariant": {
      "version": "1.1.0",
      "resolved": "https://registry.npmjs.org/tiny-invariant/-/tiny-invariant-1.1.0.tgz",
      "integrity": "sha512-ytxQvrb1cPc9WBEI/HSeYYoGD0kWnGEOR8RY6KomWLBVhqz0RgTwVO9dLrGz7dC+nN9llyI7OKAgRq8Vq4ZBSw=="
    },
    "tiny-warning": {
      "version": "1.0.3",
      "resolved": "https://registry.npmjs.org/tiny-warning/-/tiny-warning-1.0.3.tgz",
      "integrity": "sha512-lBN9zLN/oAf68o3zNXYrdCt1kP8WsiGW8Oo2ka41b2IM5JL/S1CTyX1rW0mb/zSuJun0ZUrDxx4sqvYS2FWzPA=="
    },
    "value-equal": {
      "version": "1.0.1",
      "resolved": "https://registry.npmjs.org/value-equal/-/value-equal-1.0.1.tgz",
      "integrity": "sha512-NOJ6JZCAWr0zlxZt+xqCHNTEKOsrks2HQd4MqhP1qy4z1SkbEP467eNx6TgDKXMvUOb+OENfJCZwM+16n7fRfw=="
    }
  }
}
